
Microsoft Visual Studio Solution File, Format Version 12.00
# Visual Studio Version 17
Project("{2150E333-8FDC-42A3-9474-1A3956D46DE8}") = "EquinoxApp", "EquinoxApp", "{B617F20C-A210-115F-CB42-F6E3B79AF06A}"
EndProject
Project("{8BC9CEB8-8B4A-11D0-8D11-00A0C91BC942}") = "EquinoxApp", "EquinoxApp\EquinoxApp.vcxproj", "{8F1AE14C-7BD2-229A-E4D9-FBF5D0B0BD8A}"
EndProject
Project("{2150E333-8FDC-42A3-9474-1A3956D46DE8}") = "Equinox", "Equinox", "{754C8421-E10C-0058-AA47-49D516C74434}"
EndProject
Project("{8BC9CEB8-8B4A-11D0-8D11-00A0C91BC942}") = "Equinox", "Equinox\Equinox.vcxproj", "{EE9549D3-5A75-C86E-638D-5345CFEB2ED0}"
EndProject
Project("{2150E333-8FDC-42A3-9474-1A3956D46DE8}") = "Extern", "Extern", "{DA06EF15-C695-78DF-6FB4-8CDA5B228985}"
EndProject
Project("{8BC9CEB8-8B4A-11D0-8D11-00A0C91BC942}") = "Tracy", "equinox\extern\Tracy.vcxproj", "{88372F0E-F44B-57BF-BDCD-FA1E29A153F0}"
EndProject
Project("{8BC9CEB8-8B4A-11D0-8D11-00A0C91BC942}") = "assimp", "equinox\extern\assimp.vcxproj", "{724885F2-5EEA-AFC8-47A5-C31C33E63619}"
EndProject
Project("{8BC9CEB8-8B4A-11D0-8D11-00A0C91BC942}") = "glad", "equinox\extern\glad.vcxproj", "{DD62977C-C999-980D-7286-7E105E9C140F}"
EndProject
Project("{8BC9CEB8-8B4A-11D0-8D11-00A0C91BC942}") = "glfw", "equinox\extern\glfw.vcxproj", "{9563977C-819A-980D-2A87-7E10169D140F}"
EndProject
Project("{8BC9CEB8-8B4A-11D0-8D11-00A0C91BC942}") = "glm", "equinox\extern\glm.vcxproj", "{6577880B-D180-887C-5AFC-9E7CC604947C}"
EndProject
Project("{8BC9CEB8-8B4A-11D0-8D11-00A0C91BC942}") = "imgui", "equinox\extern\imgui.vcxproj", "{0098A80F-6CAC-D0C0-352E-7420A101CDF1}"
EndProject
Project("{8BC9CEB8-8B4A-11D0-8D11-00A0C91BC942}") = "imguizmo", "equinox\extern\imguizmo.vcxproj", "{76AD0322-627A-5E2D-8B93-4CD577BF93BB}"
EndProject
Project("{8BC9CEB8-8B4A-11D0-8D11-00A0C91BC942}") = "spirv-cross", "equinox\extern\spirv-cross.vcxproj", "{F0E19980-5C97-1276-E58B-0C4D5140097A}"
EndProject
Project("{2150E333-8FDC-42A3-9474-1A3956D46DE8}") = "Sandbox", "Sandbox", "{7B785F31-E738-DB67-B073-24E51CF31F44}"
EndProject
Project("{8BC9CEB8-8B4A-11D0-8D11-00A0C91BC942}") = "Sandbox", "Sandbox\Sandbox.vcxproj", "{F4C124E3-60A1-A37E-69B9-2E55D5170AE0}"
EndProject
Project("{2150E333-8FDC-42A3-9474-1A3956D46DE8}") = "Tools", "Tools", "{DD376B17-49ED-E30C-D2E1-DDE33E96DA10}"
EndProject
Project("{8BC9CEB8-8B4A-11D0-8D11-00A0C91BC942}") = "premake", "extern\premake\premake.vcxproj", "{8A6487C2-F643-065E-FF5B-91346BBA6CBF}"
EndProject
Global
	GlobalSection(SolutionConfigurationPlatforms) = preSolution
		Debug|x64 = Debug|x64
		Dist|x64 = Dist|x64
		Release|x64 = Release|x64
	EndGlobalSection
	GlobalSection(ProjectConfigurationPlatforms) = postSolution
		{8F1AE14C-7BD2-229A-E4D9-FBF5D0B0BD8A}.Debug|x64.ActiveCfg = Debug|x64
		{8F1AE14C-7BD2-229A-E4D9-FBF5D0B0BD8A}.Debug|x64.Build.0 = Debug|x64
		{8F1AE14C-7BD2-229A-E4D9-FBF5D0B0BD8A}.Dist|x64.ActiveCfg = Dist|x64
		{8F1AE14C-7BD2-229A-E4D9-FBF5D0B0BD8A}.Dist|x64.Build.0 = Dist|x64
		{8F1AE14C-7BD2-229A-E4D9-FBF5D0B0BD8A}.Release|x64.ActiveCfg = Release|x64
		{8F1AE14C-7BD2-229A-E4D9-FBF5D0B0BD8A}.Release|x64.Build.0 = Release|x64
		{EE9549D3-5A75-C86E-638D-5345CFEB2ED0}.Debug|x64.ActiveCfg = Debug|x64
		{EE9549D3-5A75-C86E-638D-5345CFEB2ED0}.Debug|x64.Build.0 = Debug|x64
		{EE9549D3-5A75-C86E-638D-5345CFEB2ED0}.Dist|x64.ActiveCfg = Dist|x64
		{EE9549D3-5A75-C86E-638D-5345CFEB2ED0}.Dist|x64.Build.0 = Dist|x64
		{EE9549D3-5A75-C86E-638D-5345CFEB2ED0}.Release|x64.ActiveCfg = Release|x64
		{EE9549D3-5A75-C86E-638D-5345CFEB2ED0}.Release|x64.Build.0 = Release|x64
		{88372F0E-F44B-57BF-BDCD-FA1E29A153F0}.Debug|x64.ActiveCfg = Debug|x64
		{88372F0E-F44B-57BF-BDCD-FA1E29A153F0}.Debug|x64.Build.0 = Debug|x64
		{88372F0E-F44B-57BF-BDCD-FA1E29A153F0}.Dist|x64.ActiveCfg = Dist|x64
		{88372F0E-F44B-57BF-BDCD-FA1E29A153F0}.Dist|x64.Build.0 = Dist|x64
		{88372F0E-F44B-57BF-BDCD-FA1E29A153F0}.Release|x64.ActiveCfg = Release|x64
		{88372F0E-F44B-57BF-BDCD-FA1E29A153F0}.Release|x64.Build.0 = Release|x64
		{724885F2-5EEA-AFC8-47A5-C31C33E63619}.Debug|x64.ActiveCfg = Debug|x64
		{724885F2-5EEA-AFC8-47A5-C31C33E63619}.Debug|x64.Build.0 = Debug|x64
		{724885F2-5EEA-AFC8-47A5-C31C33E63619}.Dist|x64.ActiveCfg = Dist|x64
		{724885F2-5EEA-AFC8-47A5-C31C33E63619}.Dist|x64.Build.0 = Dist|x64
		{724885F2-5EEA-AFC8-47A5-C31C33E63619}.Release|x64.ActiveCfg = Release|x64
		{724885F2-5EEA-AFC8-47A5-C31C33E63619}.Release|x64.Build.0 = Release|x64
		{DD62977C-C999-980D-7286-7E105E9C140F}.Debug|x64.ActiveCfg = Debug|x64
		{DD62977C-C999-980D-7286-7E105E9C140F}.Debug|x64.Build.0 = Debug|x64
		{DD62977C-C999-980D-7286-7E105E9C140F}.Dist|x64.ActiveCfg = Dist|x64
		{DD62977C-C999-980D-7286-7E105E9C140F}.Dist|x64.Build.0 = Dist|x64
		{DD62977C-C999-980D-7286-7E105E9C140F}.Release|x64.ActiveCfg = Release|x64
		{DD62977C-C999-980D-7286-7E105E9C140F}.Release|x64.Build.0 = Release|x64
		{9563977C-819A-980D-2A87-7E10169D140F}.Debug|x64.ActiveCfg = Debug|x64
		{9563977C-819A-980D-2A87-7E10169D140F}.Debug|x64.Build.0 = Debug|x64
		{9563977C-819A-980D-2A87-7E10169D140F}.Dist|x64.ActiveCfg = Dist|x64
		{9563977C-819A-980D-2A87-7E10169D140F}.Dist|x64.Build.0 = Dist|x64
		{9563977C-819A-980D-2A87-7E10169D140F}.Release|x64.ActiveCfg = Release|x64
		{9563977C-819A-980D-2A87-7E10169D140F}.Release|x64.Build.0 = Release|x64
		{6577880B-D180-887C-5AFC-9E7CC604947C}.Debug|x64.ActiveCfg = Debug|x64
		{6577880B-D180-887C-5AFC-9E7CC604947C}.Debug|x64.Build.0 = Debug|x64
		{6577880B-D180-887C-5AFC-9E7CC604947C}.Dist|x64.ActiveCfg = Dist|x64
		{6577880B-D180-887C-5AFC-9E7CC604947C}.Dist|x64.Build.0 = Dist|x64
		{6577880B-D180-887C-5AFC-9E7CC604947C}.Release|x64.ActiveCfg = Release|x64
		{6577880B-D180-887C-5AFC-9E7CC604947C}.Release|x64.Build.0 = Release|x64
		{0098A80F-6CAC-D0C0-352E-7420A101CDF1}.Debug|x64.ActiveCfg = Debug|x64
		{0098A80F-6CAC-D0C0-352E-7420A101CDF1}.Debug|x64.Build.0 = Debug|x64
		{0098A80F-6CAC-D0C0-352E-7420A101CDF1}.Dist|x64.ActiveCfg = Dist|x64
		{0098A80F-6CAC-D0C0-352E-7420A101CDF1}.Dist|x64.Build.0 = Dist|x64
		{0098A80F-6CAC-D0C0-352E-7420A101CDF1}.Release|x64.ActiveCfg = Release|x64
		{0098A80F-6CAC-D0C0-352E-7420A101CDF1}.Release|x64.Build.0 = Release|x64
		{76AD0322-627A-5E2D-8B93-4CD577BF93BB}.Debug|x64.ActiveCfg = Debug|x64
		{76AD0322-627A-5E2D-8B93-4CD577BF93BB}.Debug|x64.Build.0 = Debug|x64
		{76AD0322-627A-5E2D-8B93-4CD577BF93BB}.Dist|x64.ActiveCfg = Dist|x64
		{76AD0322-627A-5E2D-8B93-4CD577BF93BB}.Dist|x64.Build.0 = Dist|x64
		{76AD0322-627A-5E2D-8B93-4CD577BF93BB}.Release|x64.ActiveCfg = Release|x64
		{76AD0322-627A-5E2D-8B93-4CD577BF93BB}.Release|x64.Build.0 = Release|x64
		{F0E19980-5C97-1276-E58B-0C4D5140097A}.Debug|x64.ActiveCfg = Debug|x64
		{F0E19980-5C97-1276-E58B-0C4D5140097A}.Debug|x64.Build.0 = Debug|x64
		{F0E19980-5C97-1276-E58B-0C4D5140097A}.Dist|x64.ActiveCfg = Dist|x64
		{F0E19980-5C97-1276-E58B-0C4D5140097A}.Dist|x64.Build.0 = Dist|x64
		{F0E19980-5C97-1276-E58B-0C4D5140097A}.Release|x64.ActiveCfg = Release|x64
		{F0E19980-5C97-1276-E58B-0C4D5140097A}.Release|x64.Build.0 = Release|x64
		{F4C124E3-60A1-A37E-69B9-2E55D5170AE0}.Debug|x64.ActiveCfg = Debug|x64
		{F4C124E3-60A1-A37E-69B9-2E55D5170AE0}.Debug|x64.Build.0 = Debug|x64
		{F4C124E3-60A1-A37E-69B9-2E55D5170AE0}.Dist|x64.ActiveCfg = Dist|x64
		{F4C124E3-60A1-A37E-69B9-2E55D5170AE0}.Dist|x64.Build.0 = Dist|x64
		{F4C124E3-60A1-A37E-69B9-2E55D5170AE0}.Release|x64.ActiveCfg = Release|x64
		{F4C124E3-60A1-A37E-69B9-2E55D5170AE0}.Release|x64.Build.0 = Release|x64
		{8A6487C2-F643-065E-FF5B-91346BBA6CBF}.Debug|x64.ActiveCfg = Debug|x64
		{8A6487C2-F643-065E-FF5B-91346BBA6CBF}.Debug|x64.Build.0 = Debug|x64
		{8A6487C2-F643-065E-FF5B-91346BBA6CBF}.Dist|x64.ActiveCfg = Dist|x64
		{8A6487C2-F643-065E-FF5B-91346BBA6CBF}.Dist|x64.Build.0 = Dist|x64
		{8A6487C2-F643-065E-FF5B-91346BBA6CBF}.Release|x64.ActiveCfg = Release|x64
		{8A6487C2-F643-065E-FF5B-91346BBA6CBF}.Release|x64.Build.0 = Release|x64
	EndGlobalSection
	GlobalSection(SolutionProperties) = preSolution
		HideSolutionNode = FALSE
	EndGlobalSection
	GlobalSection(NestedProjects) = preSolution
		{8F1AE14C-7BD2-229A-E4D9-FBF5D0B0BD8A} = {B617F20C-A210-115F-CB42-F6E3B79AF06A}
		{EE9549D3-5A75-C86E-638D-5345CFEB2ED0} = {754C8421-E10C-0058-AA47-49D516C74434}
		{DA06EF15-C695-78DF-6FB4-8CDA5B228985} = {754C8421-E10C-0058-AA47-49D516C74434}
		{88372F0E-F44B-57BF-BDCD-FA1E29A153F0} = {DA06EF15-C695-78DF-6FB4-8CDA5B228985}
		{724885F2-5EEA-AFC8-47A5-C31C33E63619} = {DA06EF15-C695-78DF-6FB4-8CDA5B228985}
		{DD62977C-C999-980D-7286-7E105E9C140F} = {DA06EF15-C695-78DF-6FB4-8CDA5B228985}
		{9563977C-819A-980D-2A87-7E10169D140F} = {DA06EF15-C695-78DF-6FB4-8CDA5B228985}
		{6577880B-D180-887C-5AFC-9E7CC604947C} = {DA06EF15-C695-78DF-6FB4-8CDA5B228985}
		{0098A80F-6CAC-D0C0-352E-7420A101CDF1} = {DA06EF15-C695-78DF-6FB4-8CDA5B228985}
		{76AD0322-627A-5E2D-8B93-4CD577BF93BB} = {DA06EF15-C695-78DF-6FB4-8CDA5B228985}
		{F0E19980-5C97-1276-E58B-0C4D5140097A} = {DA06EF15-C695-78DF-6FB4-8CDA5B228985}
		{F4C124E3-60A1-A37E-69B9-2E55D5170AE0} = {7B785F31-E738-DB67-B073-24E51CF31F44}
		{8A6487C2-F643-065E-FF5B-91346BBA6CBF} = {DD376B17-49ED-E30C-D2E1-DDE33E96DA10}
	EndGlobalSection
EndGlobal
