<?xml version="1.0" encoding="utf-8"?>
<Project ToolsVersion="4.0" xmlns="http://schemas.microsoft.com/developer/msbuild/2003">
  <ItemGroup>
    <Filter Include="equinox">
      <UniqueIdentifier>{0E2E9172-7A0D-100E-8325-9BE4EF83766F}</UniqueIdentifier>
    </Filter>
    <Filter Include="equinox\core">
      <UniqueIdentifier>{46D7B026-323A-40CB-DBBF-7881C7010C4E}</UniqueIdentifier>
    </Filter>
  </ItemGroup>
  <ItemGroup>
    <ClInclude Include="source\eqnpch.h" />
    <ClInclude Include="source\equinox\core\App.h">
      <Filter>equinox\core</Filter>
    </ClInclude>
    <ClInclude Include="source\equinox\core\EquinoxTypes.h">
      <Filter>equinox\core</Filter>
    </ClInclude>
    <ClInclude Include="source\equinox\core\Log.h">
      <Filter>equinox\core</Filter>
    </ClInclude>
    <ClInclude Include="source\equinox\events\Event.h" />
    <ClInclude Include="source\equinox\events\EventBus.h" />
  </ItemGroup>
  <ItemGroup>
    <ClCompile Include="source\eqnpch.cpp" />
    <ClCompile Include="source\equinox\core\App.cpp">
      <Filter>equinox\core</Filter>
    </ClCompile>
    <ClCompile Include="source\equinox\core\Log.cpp">
      <Filter>equinox\core</Filter>
    </ClCompile>
  </ItemGroup>
</Project>