<?xml version="1.0" encoding="utf-8"?>
<Project ToolsVersion="4.0" xmlns="http://schemas.microsoft.com/developer/msbuild/2003">
  <ItemGroup>
    <Filter Include="equinox">
      <UniqueIdentifier>{0E2E9172-7A0D-100E-8325-9BE4EF83766F}</UniqueIdentifier>
    </Filter>
    <Filter Include="equinox\core">
      <UniqueIdentifier>{46D7B026-323A-40CB-DBBF-7881C7010C4E}</UniqueIdentifier>
    </Filter>
    <Filter Include="equinox\editor">
      <UniqueIdentifier>{A463229A-9031-16A0-79C5-86C66532F204}</UniqueIdentifier>
    </Filter>
    <Filter Include="equinox\events">
      <UniqueIdentifier>{52D2659B-3EA0-59A1-2734-CAC713A13506}</UniqueIdentifier>
    </Filter>
    <Filter Include="equinox\input">
      <UniqueIdentifier>{ADC037FD-1981-B333-E2BB-FCB04E3BF80F}</UniqueIdentifier>
    </Filter>
    <Filter Include="equinox\renderer">
      <UniqueIdentifier>{94BD1E03-80B6-3D55-A9E8-22DA95401D61}</UniqueIdentifier>
    </Filter>
    <Filter Include="equinox\renderer\openGL">
      <UniqueIdentifier>{68EC98F2-D423-E189-DD2D-45AD49E40783}</UniqueIdentifier>
    </Filter>
    <Filter Include="equinox\renderer\vulkan">
      <UniqueIdentifier>{B4504B03-2088-939A-2992-F7BD9548BA93}</UniqueIdentifier>
    </Filter>
    <Filter Include="equinox\resources">
      <UniqueIdentifier>{18DDA302-84F3-A198-CD6A-2DBA39C07220}</UniqueIdentifier>
    </Filter>
    <Filter Include="equinox\scene">
      <UniqueIdentifier>{CB7DE6FD-373E-6234-0079-ABB16CF8A610}</UniqueIdentifier>
    </Filter>
    <Filter Include="equinox\utils">
      <UniqueIdentifier>{0E1214FE-7AD2-8F34-430D-D9B1AF8CD410}</UniqueIdentifier>
    </Filter>
    <Filter Include="equinox\window">
      <UniqueIdentifier>{55337CC4-4101-70CA-2A95-E0F016024C2F}</UniqueIdentifier>
    </Filter>
  </ItemGroup>
  <ItemGroup>
    <ClInclude Include="source\Equinox.h" />
    <ClInclude Include="source\eqnpch.h" />
    <ClInclude Include="source\equinox\core\App.h">
      <Filter>equinox\core</Filter>
    </ClInclude>
    <ClInclude Include="source\equinox\core\EntryPoint.h">
      <Filter>equinox\core</Filter>
    </ClInclude>
    <ClInclude Include="source\equinox\core\EquinoxTypes.h">
      <Filter>equinox\core</Filter>
    </ClInclude>
    <ClInclude Include="source\equinox\core\Log.h">
      <Filter>equinox\core</Filter>
    </ClInclude>
    <ClInclude Include="source\equinox\core\Math.h">
      <Filter>equinox\core</Filter>
    </ClInclude>
    <ClInclude Include="source\equinox\core\Time.h">
      <Filter>equinox\core</Filter>
    </ClInclude>
    <ClInclude Include="source\equinox\editor\Editor.h">
      <Filter>equinox\editor</Filter>
    </ClInclude>
    <ClInclude Include="source\equinox\events\AppEvent.h">
      <Filter>equinox\events</Filter>
    </ClInclude>
    <ClInclude Include="source\equinox\events\Event.h">
      <Filter>equinox\events</Filter>
    </ClInclude>
    <ClInclude Include="source\equinox\events\EventBus.h">
      <Filter>equinox\events</Filter>
    </ClInclude>
    <ClInclude Include="source\equinox\events\KeyEvent.h">
      <Filter>equinox\events</Filter>
    </ClInclude>
    <ClInclude Include="source\equinox\events\MouseEvent.h">
      <Filter>equinox\events</Filter>
    </ClInclude>
    <ClInclude Include="source\equinox\input\Input.h">
      <Filter>equinox\input</Filter>
    </ClInclude>
    <ClInclude Include="source\equinox\renderer\Buffer.h">
      <Filter>equinox\renderer</Filter>
    </ClInclude>
    <ClInclude Include="source\equinox\renderer\Camera.h">
      <Filter>equinox\renderer</Filter>
    </ClInclude>
    <ClInclude Include="source\equinox\renderer\Mesh.h">
      <Filter>equinox\renderer</Filter>
    </ClInclude>
    <ClInclude Include="source\equinox\renderer\Renderer.h">
      <Filter>equinox\renderer</Filter>
    </ClInclude>
    <ClInclude Include="source\equinox\renderer\RendererAPI.h">
      <Filter>equinox\renderer</Filter>
    </ClInclude>
    <ClInclude Include="source\equinox\renderer\Shader.h">
      <Filter>equinox\renderer</Filter>
    </ClInclude>
    <ClInclude Include="source\equinox\renderer\Texture.h">
      <Filter>equinox\renderer</Filter>
    </ClInclude>
    <ClInclude Include="source\equinox\renderer\VertexArray.h">
      <Filter>equinox\renderer</Filter>
    </ClInclude>
    <ClInclude Include="source\equinox\renderer\openGL\GLBuffer.h">
      <Filter>equinox\renderer\openGL</Filter>
    </ClInclude>
    <ClInclude Include="source\equinox\renderer\openGL\GLMesh.h">
      <Filter>equinox\renderer\openGL</Filter>
    </ClInclude>
    <ClInclude Include="source\equinox\renderer\openGL\GLRendererAPI.h">
      <Filter>equinox\renderer\openGL</Filter>
    </ClInclude>
    <ClInclude Include="source\equinox\renderer\openGL\GLShader.h">
      <Filter>equinox\renderer\openGL</Filter>
    </ClInclude>
    <ClInclude Include="source\equinox\renderer\openGL\GLTexture.h">
      <Filter>equinox\renderer\openGL</Filter>
    </ClInclude>
    <ClInclude Include="source\equinox\renderer\openGL\GLVertexArray.h">
      <Filter>equinox\renderer\openGL</Filter>
    </ClInclude>
    <ClInclude Include="source\equinox\renderer\vulkan\VKBuffer.h">
      <Filter>equinox\renderer\vulkan</Filter>
    </ClInclude>
    <ClInclude Include="source\equinox\renderer\vulkan\VKCommandPool.h">
      <Filter>equinox\renderer\vulkan</Filter>
    </ClInclude>
    <ClInclude Include="source\equinox\renderer\vulkan\VKCommon.h">
      <Filter>equinox\renderer\vulkan</Filter>
    </ClInclude>
    <ClInclude Include="source\equinox\renderer\vulkan\VKDevice.h">
      <Filter>equinox\renderer\vulkan</Filter>
    </ClInclude>
    <ClInclude Include="source\equinox\renderer\vulkan\VKFrameBuffer.h">
      <Filter>equinox\renderer\vulkan</Filter>
    </ClInclude>
    <ClInclude Include="source\equinox\renderer\vulkan\VKGraphicsPipeline.h">
      <Filter>equinox\renderer\vulkan</Filter>
    </ClInclude>
    <ClInclude Include="source\equinox\renderer\vulkan\VKMesh.h">
      <Filter>equinox\renderer\vulkan</Filter>
    </ClInclude>
    <ClInclude Include="source\equinox\renderer\vulkan\VKRenderPass.h">
      <Filter>equinox\renderer\vulkan</Filter>
    </ClInclude>
    <ClInclude Include="source\equinox\renderer\vulkan\VKRendererAPI.h">
      <Filter>equinox\renderer\vulkan</Filter>
    </ClInclude>
    <ClInclude Include="source\equinox\renderer\vulkan\VKSwapChain.h">
      <Filter>equinox\renderer\vulkan</Filter>
    </ClInclude>
    <ClInclude Include="source\equinox\renderer\vulkan\VKSync.h">
      <Filter>equinox\renderer\vulkan</Filter>
    </ClInclude>
    <ClInclude Include="source\equinox\renderer\vulkan\VKTexture.h">
      <Filter>equinox\renderer\vulkan</Filter>
    </ClInclude>
    <ClInclude Include="source\equinox\renderer\vulkan\VKVertexArray.h">
      <Filter>equinox\renderer\vulkan</Filter>
    </ClInclude>
    <ClInclude Include="source\equinox\resources\FileSystem.h">
      <Filter>equinox\resources</Filter>
    </ClInclude>
    <ClInclude Include="source\equinox\resources\ShaderLibrary.h">
      <Filter>equinox\resources</Filter>
    </ClInclude>
    <ClInclude Include="source\equinox\renderer\Model.h">
      <Filter>equinox\scene</Filter>
    </ClInclude>
    <ClInclude Include="source\equinox\utils\CustomFormatters.h">
      <Filter>equinox\utils</Filter>
    </ClInclude>
    <ClInclude Include="source\equinox\utils\ImageUtils.h">
      <Filter>equinox\utils</Filter>
    </ClInclude>
    <ClInclude Include="source\equinox\window\WinWindow.h">
      <Filter>equinox\window</Filter>
    </ClInclude>
    <ClInclude Include="source\equinox\window\Window.h">
      <Filter>equinox\window</Filter>
    </ClInclude>
    <ClInclude Include="source\equinox\core\ThreadPool.h" />
    <ClInclude Include="source\equinox\resources\Resources.h" />
    <ClInclude Include="source\equinox\resources\TextureCache.h" />
    <ClInclude Include="source\equinox\renderer\Material.h" />
    <ClInclude Include="source\equinox\resources\MaterialLibrary.h" />
    <ClInclude Include="source\equinox\resources\ModelLibrary.h" />
    <ClInclude Include="source\equinox\editor\panels\InspectorPanel.h" />
    <ClInclude Include="source\equinox\core\UUID.h" />
    <ClInclude Include="source\equinox\editor\panels\HierarchyPanel.h" />
    <ClInclude Include="source\equinox\scene\Components.h" />
    <ClInclude Include="source\equinox\scene\Entity.h" />
    <ClInclude Include="source\equinox\scene\Scene.h" />
    <ClInclude Include="source\equinox\utils\ImGuiUtils.h" />
    <ClInclude Include="source\equinox\editor\panels\TestPanel.h" />
    <ClInclude Include="source\equinox\editor\panels\ScenePanel.h" />
    <ClInclude Include="source\equinox\renderer\Framebuffer.h" />
    <ClInclude Include="source\equinox\editor\panels\ProjectPanel.h" />
    <ClInclude Include="source\equinox\events\FileDropEvent.h" />
  </ItemGroup>
  <ItemGroup>
    <ClCompile Include="source\eqnpch.cpp" />
    <ClCompile Include="source\equinox\core\App.cpp">
      <Filter>equinox\core</Filter>
    </ClCompile>
    <ClCompile Include="source\equinox\core\Log.cpp">
      <Filter>equinox\core</Filter>
    </ClCompile>
    <ClCompile Include="source\equinox\editor\Editor.cpp">
      <Filter>equinox\editor</Filter>
    </ClCompile>
    <ClCompile Include="source\equinox\input\Input.cpp">
      <Filter>equinox\input</Filter>
    </ClCompile>
    <ClCompile Include="source\equinox\renderer\Buffer.cpp">
      <Filter>equinox\renderer</Filter>
    </ClCompile>
    <ClCompile Include="source\equinox\renderer\Mesh.cpp">
      <Filter>equinox\renderer</Filter>
    </ClCompile>
    <ClCompile Include="source\equinox\renderer\Renderer.cpp">
      <Filter>equinox\renderer</Filter>
    </ClCompile>
    <ClCompile Include="source\equinox\renderer\RendererAPI.cpp">
      <Filter>equinox\renderer</Filter>
    </ClCompile>
    <ClCompile Include="source\equinox\renderer\Shader.cpp">
      <Filter>equinox\renderer</Filter>
    </ClCompile>
    <ClCompile Include="source\equinox\renderer\Texture.cpp">
      <Filter>equinox\renderer</Filter>
    </ClCompile>
    <ClCompile Include="source\equinox\renderer\VertexArray.cpp">
      <Filter>equinox\renderer</Filter>
    </ClCompile>
    <ClCompile Include="source\equinox\renderer\openGL\GLBuffer.cpp">
      <Filter>equinox\renderer\openGL</Filter>
    </ClCompile>
    <ClCompile Include="source\equinox\renderer\openGL\GLMesh.cpp">
      <Filter>equinox\renderer\openGL</Filter>
    </ClCompile>
    <ClCompile Include="source\equinox\renderer\openGL\GLRendererAPI.cpp">
      <Filter>equinox\renderer\openGL</Filter>
    </ClCompile>
    <ClCompile Include="source\equinox\renderer\openGL\GLShader.cpp">
      <Filter>equinox\renderer\openGL</Filter>
    </ClCompile>
    <ClCompile Include="source\equinox\renderer\openGL\GLTexture.cpp">
      <Filter>equinox\renderer\openGL</Filter>
    </ClCompile>
    <ClCompile Include="source\equinox\renderer\openGL\GLVertexArray.cpp">
      <Filter>equinox\renderer\openGL</Filter>
    </ClCompile>
    <ClCompile Include="source\equinox\renderer\vulkan\VKBuffer.cpp">
      <Filter>equinox\renderer\vulkan</Filter>
    </ClCompile>
    <ClCompile Include="source\equinox\renderer\vulkan\VKCommandPool.cpp">
      <Filter>equinox\renderer\vulkan</Filter>
    </ClCompile>
    <ClCompile Include="source\equinox\renderer\vulkan\VKCommon.cpp">
      <Filter>equinox\renderer\vulkan</Filter>
    </ClCompile>
    <ClCompile Include="source\equinox\renderer\vulkan\VKDevice.cpp">
      <Filter>equinox\renderer\vulkan</Filter>
    </ClCompile>
    <ClCompile Include="source\equinox\renderer\vulkan\VKFrameBuffer.cpp">
      <Filter>equinox\renderer\vulkan</Filter>
    </ClCompile>
    <ClCompile Include="source\equinox\renderer\vulkan\VKGraphicsPipeline.cpp">
      <Filter>equinox\renderer\vulkan</Filter>
    </ClCompile>
    <ClCompile Include="source\equinox\renderer\vulkan\VKRenderPass.cpp">
      <Filter>equinox\renderer\vulkan</Filter>
    </ClCompile>
    <ClCompile Include="source\equinox\renderer\vulkan\VKRendererAPI.cpp">
      <Filter>equinox\renderer\vulkan</Filter>
    </ClCompile>
    <ClCompile Include="source\equinox\renderer\vulkan\VKSwapChain.cpp">
      <Filter>equinox\renderer\vulkan</Filter>
    </ClCompile>
    <ClCompile Include="source\equinox\renderer\vulkan\VKSync.cpp">
      <Filter>equinox\renderer\vulkan</Filter>
    </ClCompile>
    <ClCompile Include="source\equinox\renderer\vulkan\VKTexture.cpp">
      <Filter>equinox\renderer\vulkan</Filter>
    </ClCompile>
    <ClCompile Include="source\equinox\renderer\vulkan\VKVertexArray.cpp">
      <Filter>equinox\renderer\vulkan</Filter>
    </ClCompile>
    <ClCompile Include="source\equinox\resources\FileSystem.cpp">
      <Filter>equinox\resources</Filter>
    </ClCompile>
    <ClCompile Include="source\equinox\resources\ShaderLibrary.cpp">
      <Filter>equinox\resources</Filter>
    </ClCompile>
    <ClCompile Include="source\equinox\renderer\Model.cpp">
      <Filter>equinox\scene</Filter>
    </ClCompile>
    <ClCompile Include="source\equinox\utils\ImageUtils.cpp">
      <Filter>equinox\utils</Filter>
    </ClCompile>
    <ClCompile Include="source\equinox\window\WinWindow.cpp">
      <Filter>equinox\window</Filter>
    </ClCompile>
    <ClCompile Include="source\equinox\window\Window.cpp">
      <Filter>equinox\window</Filter>
    </ClCompile>
    <ClCompile Include="source\equinox\resources\TextureCache.cpp" />
    <ClCompile Include="source\equinox\resources\MaterialLibrary.cpp" />
    <ClCompile Include="source\equinox\resources\ModelLibrary.cpp" />
    <ClCompile Include="source\equinox\core\UUID.cpp" />
    <ClCompile Include="source\equinox\editor\panels\HierarchyPanel.cpp" />
    <ClCompile Include="source\equinox\scene\Entity.cpp" />
    <ClCompile Include="source\equinox\scene\Scene.cpp" />
    <ClCompile Include="source\equinox\editor\panels\InspectorPanel.cpp" />
    <ClCompile Include="source\equinox\editor\panels\TestPanel.cpp" />
    <ClCompile Include="source\equinox\editor\panels\ScenePanel.cpp" />
    <ClCompile Include="source\equinox\renderer\Framebuffer.cpp" />
    <ClCompile Include="source\equinox\editor\panels\ProjectPanel.cpp" />
  </ItemGroup>
</Project>