<?xml version="1.0" encoding="utf-8"?>
<Project ToolsVersion="4.0" xmlns="http://schemas.microsoft.com/developer/msbuild/2003">
  <ItemGroup>
    <Filter Include="Equinox">
      <UniqueIdentifier>{EE9549D3-5A75-C86E-638D-5345CFEB2ED0}</UniqueIdentifier>
    </Filter>
    <Filter Include="Equinox\Events">
      <UniqueIdentifier>{128AB9E8-FE57-ADEE-E7EB-1D15D3588953}</UniqueIdentifier>
    </Filter>
    <Filter Include="Equinox\ImGui">
      <UniqueIdentifier>{9845120F-0406-8E45-CD40-D7C239C0D221}</UniqueIdentifier>
    </Filter>
    <Filter Include="Platform">
      <UniqueIdentifier>{2AC788B4-1694-E3BF-3FAD-D1672BD9184E}</UniqueIdentifier>
    </Filter>
    <Filter Include="Platform\OpenGL">
      <UniqueIdentifier>{1E7D2C1D-8A08-9AE1-9319-1DD6FF23F6E1}</UniqueIdentifier>
    </Filter>
    <Filter Include="Platform\Windows">
      <UniqueIdentifier>{64FBD71A-50F4-F66C-7926-DCF1657ED678}</UniqueIdentifier>
    </Filter>
  </ItemGroup>
  <ItemGroup>
    <ClInclude Include="src\Equinox.h" />
    <ClInclude Include="src\Equinox\Application.h">
      <Filter>Equinox</Filter>
    </ClInclude>
    <ClInclude Include="src\Equinox\Core.h">
      <Filter>Equinox</Filter>
    </ClInclude>
    <ClInclude Include="src\Equinox\EntryPoint.h">
      <Filter>Equinox</Filter>
    </ClInclude>
    <ClInclude Include="src\Equinox\Events\ApplicationEvent.h">
      <Filter>Equinox\Events</Filter>
    </ClInclude>
    <ClInclude Include="src\Equinox\Events\Event.h">
      <Filter>Equinox\Events</Filter>
    </ClInclude>
    <ClInclude Include="src\Equinox\Events\KeyEvent.h">
      <Filter>Equinox\Events</Filter>
    </ClInclude>
    <ClInclude Include="src\Equinox\Events\MouseEvent.h">
      <Filter>Equinox\Events</Filter>
    </ClInclude>
    <ClInclude Include="src\Equinox\ImGui\ImGuiLayer.h">
      <Filter>Equinox\ImGui</Filter>
    </ClInclude>
    <ClInclude Include="src\Equinox\Layer.h">
      <Filter>Equinox</Filter>
    </ClInclude>
    <ClInclude Include="src\Equinox\LayerStack.h">
      <Filter>Equinox</Filter>
    </ClInclude>
    <ClInclude Include="src\Equinox\Log.h">
      <Filter>Equinox</Filter>
    </ClInclude>
    <ClInclude Include="src\Equinox\Window.h">
      <Filter>Equinox</Filter>
    </ClInclude>
    <ClInclude Include="src\Platform\OpenGL\ImGuiOpenGLRenderer.h">
      <Filter>Platform\OpenGL</Filter>
    </ClInclude>
    <ClInclude Include="src\Platform\Windows\WindowsWindow.h">
      <Filter>Platform\Windows</Filter>
    </ClInclude>
    <ClInclude Include="src\eqnpch.h" />
  </ItemGroup>
  <ItemGroup>
    <ClCompile Include="src\Equinox\Application.cpp">
      <Filter>Equinox</Filter>
    </ClCompile>
    <ClCompile Include="src\Equinox\ImGui\ImGuiLayer.cpp">
      <Filter>Equinox\ImGui</Filter>
    </ClCompile>
    <ClCompile Include="src\Equinox\Layer.cpp">
      <Filter>Equinox</Filter>
    </ClCompile>
    <ClCompile Include="src\Equinox\LayerStack.cpp">
      <Filter>Equinox</Filter>
    </ClCompile>
    <ClCompile Include="src\Equinox\Log.cpp">
      <Filter>Equinox</Filter>
    </ClCompile>
    <ClCompile Include="src\Platform\OpenGL\ImGuiOpenGLRenderer.cpp">
      <Filter>Platform\OpenGL</Filter>
    </ClCompile>
    <ClCompile Include="src\Platform\Windows\WindowsWindow.cpp">
      <Filter>Platform\Windows</Filter>
    </ClCompile>
    <ClCompile Include="src\eqnpch.cpp" />
    <ClCompile Include="src\main.cpp" />
  </ItemGroup>
</Project>